
Microsoft Visual Studio Solution File, Format Version 12.00
# Visual Studio Version 17
VisualStudioVersion = 17.4.33103.184
MinimumVisualStudioVersion = 10.0.40219.1
Project("{9A19103F-16F7-4668-BE54-9A1E7A4F7556}") = "FelisOpenXml.FelisShape", "FelisShape\FelisOpenXml.FelisShape.csproj", "{0B715EC0-DC97-4FBA-B811-60A798CF93F9}"
EndProject
Project("{9A19103F-16F7-4668-BE54-9A1E7A4F7556}") = "TestFelisShape", "Test\TestFelisShape.csproj", "{7B54A240-C9D6-486D-8EE2-D167DE029E52}"
EndProject
Global
	GlobalSection(SolutionConfigurationPlatforms) = preSolution
		Debug|Any CPU = Debug|Any CPU
		Release|Any CPU = Release|Any CPU
	EndGlobalSection
	GlobalSection(ProjectConfigurationPlatforms) = postSolution
		{0B715EC0-DC97-4FBA-B811-60A798CF93F9}.Debug|Any CPU.ActiveCfg = Debug|Any CPU
		{0B715EC0-DC97-4FBA-B811-60A798CF93F9}.Debug|Any CPU.Build.0 = Debug|Any CPU
		{0B715EC0-DC97-4FBA-B811-60A798CF93F9}.Release|Any CPU.ActiveCfg = Release|Any CPU
		{0B715EC0-DC97-4FBA-B811-60A798CF93F9}.Release|Any CPU.Build.0 = Release|Any CPU
		{7B54A240-C9D6-486D-8EE2-D167DE029E52}.Debug|Any CPU.ActiveCfg = Debug|Any CPU
		{7B54A240-C9D6-486D-8EE2-D167DE029E52}.Debug|Any CPU.Build.0 = Debug|Any CPU
		{7B54A240-C9D6-486D-8EE2-D167DE029E52}.Release|Any CPU.ActiveCfg = Release|Any CPU
		{7B54A240-C9D6-486D-8EE2-D167DE029E52}.Release|Any CPU.Build.0 = Release|Any CPU
	EndGlobalSection
	GlobalSection(SolutionProperties) = preSolution
		HideSolutionNode = FALSE
	EndGlobalSection
	GlobalSection(ExtensibilityGlobals) = postSolution
		SolutionGuid = {BE5BDEE2-2893-429E-B527-3DE046AD40F4}
	EndGlobalSection
EndGlobal
